{
  "name": "nodejs-cloud-functions-tutorial",
  "version": "1.0.0",
  "lockfileVersion": 3,
  "requires": true,
  "packages": {
    "": {
      "name": "nodejs-cloud-functions-tutorial",
      "version": "1.0.0",
      "license": "MIT",
      "dependencies": {
        "@tsmx/secure-config": "^2.0.2"
      }
    },
    "node_modules/@tsmx/json-traverse": {
      "version": "1.0.6",
      "resolved": "https://registry.npmjs.org/@tsmx/json-traverse/-/json-traverse-1.0.6.tgz",
      "integrity": "sha512-aA3sZhELI3odH8LUGqAN9hefDTpIZ8dDedo2yplrdnkjOmFja1+x5QM29ykg+7Jcih9E2Exyel/VbF28swEITw==",
      "engines": {
        "node": ">=10.0.0",
        "npm": ">=6.0.0"
      }
    },
    "node_modules/@tsmx/object-hmac": {
      "version": "1.1.3",
      "resolved": "https://registry.npmjs.org/@tsmx/object-hmac/-/object-hmac-1.1.3.tgz",
      "integrity": "sha512-hVU+McCmuHmTvhNLhLAqFk/+3HxvMcy9SejZoUMi7kYZ8u0AY4vSqAnEZUEXlvVNeZIviBGpVp1LdmX8qCqeRA==",
      "dependencies": {
        "@tsmx/json-traverse": "^1.0.5"
      },
      "engines": {
        "node": ">=12.0.0",
        "npm": ">=6.0.0"
      }
    },
    "node_modules/@tsmx/secure-config": {
      "version": "2.0.2",
      "resolved": "https://registry.npmjs.org/@tsmx/secure-config/-/secure-config-2.0.2.tgz",
      "integrity": "sha512-WMXA3e3FS5mtSM/rWM/w/WwZVOxSLPU2aQ5OED+/e0ItGz5Y/tfggwQN7SRn1/mMtij1m3H9by4KN/1bsdnY4Q==",
      "dependencies": {
        "@tsmx/json-traverse": "^1.0.6",
        "@tsmx/object-hmac": "^1.1.1",
        "@tsmx/string-crypto": "^1.0.2"
      },
      "engines": {
        "node": ">=12.0.0",
        "npm": ">=6.0.0"
      }
    },
    "node_modules/@tsmx/string-crypto": {
      "version": "1.0.5",
      "resolved": "https://registry.npmjs.org/@tsmx/string-crypto/-/string-crypto-1.0.5.tgz",
      "integrity": "sha512-EYYQz32XjE3kJMxN/Em1xW9tcMUb7dKPQb5AZ+tLqzUvLguQToAr9I3CWppckxIoZ6lKhi3CdRVl80ClubBy1Q==",
      "engines": {
        "node": ">=10.0.0",
        "npm": ">=6.0.0"
      }
    }
  }
}
